// !$*UTF8*$!
{
	archiveVersion = 1;
	classes = {
	};
	objectVersion = 46;
	objects = {

/* Begin PBXBuildFile section */
		07F922041D65652200D6BE94 /* AppDelegate.swift in Sources */ = {isa = PBXBuildFile; fileRef = 07F922031D65652200D6BE94 /* AppDelegate.swift */; };
		07F9220C1D65652200D6BE94 /* KKBOX_Personal_Porfile.xcdatamodeld in Sources */ = {isa = PBXBuildFile; fileRef = 07F9220A1D65652200D6BE94 /* KKBOX_Personal_Porfile.xcdatamodeld */; };
		07F9220E1D65652200D6BE94 /* Assets.xcassets in Resources */ = {isa = PBXBuildFile; fileRef = 07F9220D1D65652200D6BE94 /* Assets.xcassets */; };
		07F922111D65652200D6BE94 /* LaunchScreen.storyboard in Resources */ = {isa = PBXBuildFile; fileRef = 07F9220F1D65652200D6BE94 /* LaunchScreen.storyboard */; };
		07F9221C1D65652200D6BE94 /* KKBOX_Personal_PorfileTests.swift in Sources */ = {isa = PBXBuildFile; fileRef = 07F9221B1D65652200D6BE94 /* KKBOX_Personal_PorfileTests.swift */; };
		07F922271D65652200D6BE94 /* KKBOX_Personal_PorfileUITests.swift in Sources */ = {isa = PBXBuildFile; fileRef = 07F922261D65652200D6BE94 /* KKBOX_Personal_PorfileUITests.swift */; };
		07F9223A1D656CAB00D6BE94 /* MyLibraryViewController.swift in Sources */ = {isa = PBXBuildFile; fileRef = 07F922381D656CAB00D6BE94 /* MyLibraryViewController.swift */; };
		07F9223B1D656CAB00D6BE94 /* MyLibraryViewController.xib in Resources */ = {isa = PBXBuildFile; fileRef = 07F922391D656CAB00D6BE94 /* MyLibraryViewController.xib */; };
		07F9223E1D656CCC00D6BE94 /* ExploreViewController.swift in Sources */ = {isa = PBXBuildFile; fileRef = 07F9223C1D656CCC00D6BE94 /* ExploreViewController.swift */; };
		07F9223F1D656CCC00D6BE94 /* ExploreViewController.xib in Resources */ = {isa = PBXBuildFile; fileRef = 07F9223D1D656CCC00D6BE94 /* ExploreViewController.xib */; };
		07F922421D656CDD00D6BE94 /* FeedViewController.swift in Sources */ = {isa = PBXBuildFile; fileRef = 07F922401D656CDD00D6BE94 /* FeedViewController.swift */; };
		07F922431D656CDD00D6BE94 /* FeedViewController.xib in Resources */ = {isa = PBXBuildFile; fileRef = 07F922411D656CDD00D6BE94 /* FeedViewController.xib */; };
		07F922461D656CF200D6BE94 /* SearchViewController.swift in Sources */ = {isa = PBXBuildFile; fileRef = 07F922441D656CF200D6BE94 /* SearchViewController.swift */; };
		07F922471D656CF200D6BE94 /* SearchViewController.xib in Resources */ = {isa = PBXBuildFile; fileRef = 07F922451D656CF200D6BE94 /* SearchViewController.xib */; };
		07F9224A1D656D1C00D6BE94 /* ListenWithViewController.swift in Sources */ = {isa = PBXBuildFile; fileRef = 07F922481D656D1C00D6BE94 /* ListenWithViewController.swift */; };
		07F9224B1D656D1C00D6BE94 /* ListenWithViewController.xib in Resources */ = {isa = PBXBuildFile; fileRef = 07F922491D656D1C00D6BE94 /* ListenWithViewController.xib */; };
		07F9224D1D65937C00D6BE94 /* ProfileViewController.swift in Sources */ = {isa = PBXBuildFile; fileRef = 07F9224C1D65937C00D6BE94 /* ProfileViewController.swift */; };
		07F9224F1D65939900D6BE94 /* ProfileViewController.xib in Resources */ = {isa = PBXBuildFile; fileRef = 07F9224E1D65939900D6BE94 /* ProfileViewController.xib */; };
		07F922531D65A77B00D6BE94 /* Cell.swift in Sources */ = {isa = PBXBuildFile; fileRef = 07F922511D65A77B00D6BE94 /* Cell.swift */; };
		07F922541D65A77B00D6BE94 /* Cell.xib in Resources */ = {isa = PBXBuildFile; fileRef = 07F922521D65A77B00D6BE94 /* Cell.xib */; };
		07F922581D6AA91300D6BE94 /* ProfileSegmentedControl.swift in Sources */ = {isa = PBXBuildFile; fileRef = 07F922571D6AA91300D6BE94 /* ProfileSegmentedControl.swift */; };
		07F9225E1D6AB50300D6BE94 /* StoryViewController.swift in Sources */ = {isa = PBXBuildFile; fileRef = 07F9225C1D6AB50300D6BE94 /* StoryViewController.swift */; };
		07F9225F1D6AB50300D6BE94 /* StoryViewController.xib in Resources */ = {isa = PBXBuildFile; fileRef = 07F9225D1D6AB50300D6BE94 /* StoryViewController.xib */; };
		07F922621D6AB51E00D6BE94 /* MusicViewController.swift in Sources */ = {isa = PBXBuildFile; fileRef = 07F922601D6AB51E00D6BE94 /* MusicViewController.swift */; };
		07F922631D6AB51E00D6BE94 /* MusicViewController.xib in Resources */ = {isa = PBXBuildFile; fileRef = 07F922611D6AB51E00D6BE94 /* MusicViewController.xib */; };
		07F922651D6AB77200D6BE94 /* Constant.swift in Sources */ = {isa = PBXBuildFile; fileRef = 07F922641D6AB77200D6BE94 /* Constant.swift */; };
		07F922681D6AB93100D6BE94 /* Router.swift in Sources */ = {isa = PBXBuildFile; fileRef = 07F922671D6AB93100D6BE94 /* Router.swift */; };
		07F9226A1D6AB94000D6BE94 /* ServerManager.swift in Sources */ = {isa = PBXBuildFile; fileRef = 07F922691D6AB94000D6BE94 /* ServerManager.swift */; };
		07F9226C1D6AC75800D6BE94 /* Podfile in Resources */ = {isa = PBXBuildFile; fileRef = 07F9226B1D6AC75800D6BE94 /* Podfile */; };
		07F9226E1D6ACF3600D6BE94 /* Playlist.swift in Sources */ = {isa = PBXBuildFile; fileRef = 07F9226D1D6ACF3600D6BE94 /* Playlist.swift */; };
		07F922701D6ACF5600D6BE94 /* Song.swift in Sources */ = {isa = PBXBuildFile; fileRef = 07F9226F1D6ACF5600D6BE94 /* Song.swift */; };
		07F922721D6ACF6C00D6BE94 /* Album.swift in Sources */ = {isa = PBXBuildFile; fileRef = 07F922711D6ACF6C00D6BE94 /* Album.swift */; };
		07F922741D6ACF7F00D6BE94 /* Artist.swift in Sources */ = {isa = PBXBuildFile; fileRef = 07F922731D6ACF7F00D6BE94 /* Artist.swift */; };
		07F922761D6ACF9500D6BE94 /* Story.swift in Sources */ = {isa = PBXBuildFile; fileRef = 07F922751D6ACF9500D6BE94 /* Story.swift */; };
		07F922781D6ACFE400D6BE94 /* User.swift in Sources */ = {isa = PBXBuildFile; fileRef = 07F922771D6ACFE400D6BE94 /* User.swift */; };
		8707D1402E623627481ED8FE /* Pods_KKBOX_Personal_Porfile.framework in Frameworks */ = {isa = PBXBuildFile; fileRef = 4F93F7B45FB89300616BCE7A /* Pods_KKBOX_Personal_Porfile.framework */; };
/* End PBXBuildFile section */

/* Begin PBXContainerItemProxy section */
		07F922181D65652200D6BE94 /* PBXContainerItemProxy */ = {
			isa = PBXContainerItemProxy;
			containerPortal = 07F921F81D65652200D6BE94 /* Project object */;
			proxyType = 1;
			remoteGlobalIDString = 07F921FF1D65652200D6BE94;
			remoteInfo = "KKBOX_Personal Porfile";
		};
		07F922231D65652200D6BE94 /* PBXContainerItemProxy */ = {
			isa = PBXContainerItemProxy;
			containerPortal = 07F921F81D65652200D6BE94 /* Project object */;
			proxyType = 1;
			remoteGlobalIDString = 07F921FF1D65652200D6BE94;
			remoteInfo = "KKBOX_Personal Porfile";
		};
/* End PBXContainerItemProxy section */

/* Begin PBXFileReference section */
		07F922001D65652200D6BE94 /* KKBOX_Personal Porfile.app */ = {isa = PBXFileReference; explicitFileType = wrapper.application; includeInIndex = 0; path = "KKBOX_Personal Porfile.app"; sourceTree = BUILT_PRODUCTS_DIR; };
		07F922031D65652200D6BE94 /* AppDelegate.swift */ = {isa = PBXFileReference; lastKnownFileType = sourcecode.swift; path = AppDelegate.swift; sourceTree = "<group>"; };
		07F9220B1D65652200D6BE94 /* KKBOX_Personal_Porfile.xcdatamodel */ = {isa = PBXFileReference; lastKnownFileType = wrapper.xcdatamodel; path = KKBOX_Personal_Porfile.xcdatamodel; sourceTree = "<group>"; };
		07F9220D1D65652200D6BE94 /* Assets.xcassets */ = {isa = PBXFileReference; lastKnownFileType = folder.assetcatalog; path = Assets.xcassets; sourceTree = "<group>"; };
		07F922101D65652200D6BE94 /* Base */ = {isa = PBXFileReference; lastKnownFileType = file.storyboard; name = Base; path = Base.lproj/LaunchScreen.storyboard; sourceTree = "<group>"; };
		07F922121D65652200D6BE94 /* Info.plist */ = {isa = PBXFileReference; lastKnownFileType = text.plist.xml; path = Info.plist; sourceTree = "<group>"; };
		07F922171D65652200D6BE94 /* KKBOX_Personal PorfileTests.xctest */ = {isa = PBXFileReference; explicitFileType = wrapper.cfbundle; includeInIndex = 0; path = "KKBOX_Personal PorfileTests.xctest"; sourceTree = BUILT_PRODUCTS_DIR; };
		07F9221B1D65652200D6BE94 /* KKBOX_Personal_PorfileTests.swift */ = {isa = PBXFileReference; lastKnownFileType = sourcecode.swift; path = KKBOX_Personal_PorfileTests.swift; sourceTree = "<group>"; };
		07F9221D1D65652200D6BE94 /* Info.plist */ = {isa = PBXFileReference; lastKnownFileType = text.plist.xml; path = Info.plist; sourceTree = "<group>"; };
		07F922221D65652200D6BE94 /* KKBOX_Personal PorfileUITests.xctest */ = {isa = PBXFileReference; explicitFileType = wrapper.cfbundle; includeInIndex = 0; path = "KKBOX_Personal PorfileUITests.xctest"; sourceTree = BUILT_PRODUCTS_DIR; };
		07F922261D65652200D6BE94 /* KKBOX_Personal_PorfileUITests.swift */ = {isa = PBXFileReference; lastKnownFileType = sourcecode.swift; path = KKBOX_Personal_PorfileUITests.swift; sourceTree = "<group>"; };
		07F922281D65652200D6BE94 /* Info.plist */ = {isa = PBXFileReference; lastKnownFileType = text.plist.xml; path = Info.plist; sourceTree = "<group>"; };
		07F922381D656CAB00D6BE94 /* MyLibraryViewController.swift */ = {isa = PBXFileReference; fileEncoding = 4; lastKnownFileType = sourcecode.swift; path = MyLibraryViewController.swift; sourceTree = "<group>"; };
		07F922391D656CAB00D6BE94 /* MyLibraryViewController.xib */ = {isa = PBXFileReference; fileEncoding = 4; lastKnownFileType = file.xib; path = MyLibraryViewController.xib; sourceTree = "<group>"; };
		07F9223C1D656CCC00D6BE94 /* ExploreViewController.swift */ = {isa = PBXFileReference; fileEncoding = 4; lastKnownFileType = sourcecode.swift; path = ExploreViewController.swift; sourceTree = "<group>"; };
		07F9223D1D656CCC00D6BE94 /* ExploreViewController.xib */ = {isa = PBXFileReference; fileEncoding = 4; lastKnownFileType = file.xib; path = ExploreViewController.xib; sourceTree = "<group>"; };
		07F922401D656CDD00D6BE94 /* FeedViewController.swift */ = {isa = PBXFileReference; fileEncoding = 4; lastKnownFileType = sourcecode.swift; path = FeedViewController.swift; sourceTree = "<group>"; };
		07F922411D656CDD00D6BE94 /* FeedViewController.xib */ = {isa = PBXFileReference; fileEncoding = 4; lastKnownFileType = file.xib; path = FeedViewController.xib; sourceTree = "<group>"; };
		07F922441D656CF200D6BE94 /* SearchViewController.swift */ = {isa = PBXFileReference; fileEncoding = 4; lastKnownFileType = sourcecode.swift; path = SearchViewController.swift; sourceTree = "<group>"; };
		07F922451D656CF200D6BE94 /* SearchViewController.xib */ = {isa = PBXFileReference; fileEncoding = 4; lastKnownFileType = file.xib; path = SearchViewController.xib; sourceTree = "<group>"; };
		07F922481D656D1C00D6BE94 /* ListenWithViewController.swift */ = {isa = PBXFileReference; fileEncoding = 4; lastKnownFileType = sourcecode.swift; path = ListenWithViewController.swift; sourceTree = "<group>"; };
		07F922491D656D1C00D6BE94 /* ListenWithViewController.xib */ = {isa = PBXFileReference; fileEncoding = 4; lastKnownFileType = file.xib; path = ListenWithViewController.xib; sourceTree = "<group>"; };
		07F9224C1D65937C00D6BE94 /* ProfileViewController.swift */ = {isa = PBXFileReference; fileEncoding = 4; lastKnownFileType = sourcecode.swift; path = ProfileViewController.swift; sourceTree = "<group>"; };
		07F9224E1D65939900D6BE94 /* ProfileViewController.xib */ = {isa = PBXFileReference; fileEncoding = 4; lastKnownFileType = file.xib; path = ProfileViewController.xib; sourceTree = "<group>"; };
		07F922511D65A77B00D6BE94 /* Cell.swift */ = {isa = PBXFileReference; fileEncoding = 4; lastKnownFileType = sourcecode.swift; path = Cell.swift; sourceTree = "<group>"; };
		07F922521D65A77B00D6BE94 /* Cell.xib */ = {isa = PBXFileReference; fileEncoding = 4; lastKnownFileType = file.xib; path = Cell.xib; sourceTree = "<group>"; };
		07F922571D6AA91300D6BE94 /* ProfileSegmentedControl.swift */ = {isa = PBXFileReference; fileEncoding = 4; lastKnownFileType = sourcecode.swift; path = ProfileSegmentedControl.swift; sourceTree = "<group>"; };
		07F9225C1D6AB50300D6BE94 /* StoryViewController.swift */ = {isa = PBXFileReference; fileEncoding = 4; lastKnownFileType = sourcecode.swift; path = StoryViewController.swift; sourceTree = "<group>"; };
		07F9225D1D6AB50300D6BE94 /* StoryViewController.xib */ = {isa = PBXFileReference; fileEncoding = 4; lastKnownFileType = file.xib; path = StoryViewController.xib; sourceTree = "<group>"; };
		07F922601D6AB51E00D6BE94 /* MusicViewController.swift */ = {isa = PBXFileReference; fileEncoding = 4; lastKnownFileType = sourcecode.swift; path = MusicViewController.swift; sourceTree = "<group>"; };
		07F922611D6AB51E00D6BE94 /* MusicViewController.xib */ = {isa = PBXFileReference; fileEncoding = 4; lastKnownFileType = file.xib; path = MusicViewController.xib; sourceTree = "<group>"; };
		07F922641D6AB77200D6BE94 /* Constant.swift */ = {isa = PBXFileReference; fileEncoding = 4; lastKnownFileType = sourcecode.swift; path = Constant.swift; sourceTree = "<group>"; };
		07F922671D6AB93100D6BE94 /* Router.swift */ = {isa = PBXFileReference; fileEncoding = 4; lastKnownFileType = sourcecode.swift; path = Router.swift; sourceTree = "<group>"; };
		07F922691D6AB94000D6BE94 /* ServerManager.swift */ = {isa = PBXFileReference; fileEncoding = 4; lastKnownFileType = sourcecode.swift; path = ServerManager.swift; sourceTree = "<group>"; };
		07F9226B1D6AC75800D6BE94 /* Podfile */ = {isa = PBXFileReference; fileEncoding = 4; lastKnownFileType = text; path = Podfile; sourceTree = "<group>"; xcLanguageSpecificationIdentifier = xcode.lang.ruby; };
		07F9226D1D6ACF3600D6BE94 /* Playlist.swift */ = {isa = PBXFileReference; fileEncoding = 4; lastKnownFileType = sourcecode.swift; path = Playlist.swift; sourceTree = "<group>"; };
		07F9226F1D6ACF5600D6BE94 /* Song.swift */ = {isa = PBXFileReference; fileEncoding = 4; lastKnownFileType = sourcecode.swift; path = Song.swift; sourceTree = "<group>"; };
		07F922711D6ACF6C00D6BE94 /* Album.swift */ = {isa = PBXFileReference; fileEncoding = 4; lastKnownFileType = sourcecode.swift; path = Album.swift; sourceTree = "<group>"; };
		07F922731D6ACF7F00D6BE94 /* Artist.swift */ = {isa = PBXFileReference; fileEncoding = 4; lastKnownFileType = sourcecode.swift; path = Artist.swift; sourceTree = "<group>"; };
		07F922751D6ACF9500D6BE94 /* Story.swift */ = {isa = PBXFileReference; fileEncoding = 4; lastKnownFileType = sourcecode.swift; path = Story.swift; sourceTree = "<group>"; };
		07F922771D6ACFE400D6BE94 /* User.swift */ = {isa = PBXFileReference; fileEncoding = 4; lastKnownFileType = sourcecode.swift; path = User.swift; sourceTree = "<group>"; };
		4F93F7B45FB89300616BCE7A /* Pods_KKBOX_Personal_Porfile.framework */ = {isa = PBXFileReference; explicitFileType = wrapper.framework; includeInIndex = 0; path = Pods_KKBOX_Personal_Porfile.framework; sourceTree = BUILT_PRODUCTS_DIR; };
		718C820CD7E3275C5B577981 /* Pods-KKBOX_Personal Porfile.release.xcconfig */ = {isa = PBXFileReference; includeInIndex = 1; lastKnownFileType = text.xcconfig; name = "Pods-KKBOX_Personal Porfile.release.xcconfig"; path = "Pods/Target Support Files/Pods-KKBOX_Personal Porfile/Pods-KKBOX_Personal Porfile.release.xcconfig"; sourceTree = "<group>"; };
		F9DF742A1673CC34503082DA /* Pods-KKBOX_Personal Porfile.debug.xcconfig */ = {isa = PBXFileReference; includeInIndex = 1; lastKnownFileType = text.xcconfig; name = "Pods-KKBOX_Personal Porfile.debug.xcconfig"; path = "Pods/Target Support Files/Pods-KKBOX_Personal Porfile/Pods-KKBOX_Personal Porfile.debug.xcconfig"; sourceTree = "<group>"; };
/* End PBXFileReference section */

/* Begin PBXFrameworksBuildPhase section */
		07F921FD1D65652200D6BE94 /* Frameworks */ = {
			isa = PBXFrameworksBuildPhase;
			buildActionMask = 2147483647;
			files = (
				8707D1402E623627481ED8FE /* Pods_KKBOX_Personal_Porfile.framework in Frameworks */,
			);
			runOnlyForDeploymentPostprocessing = 0;
		};
		07F922141D65652200D6BE94 /* Frameworks */ = {
			isa = PBXFrameworksBuildPhase;
			buildActionMask = 2147483647;
			files = (
			);
			runOnlyForDeploymentPostprocessing = 0;
		};
		07F9221F1D65652200D6BE94 /* Frameworks */ = {
			isa = PBXFrameworksBuildPhase;
			buildActionMask = 2147483647;
			files = (
			);
			runOnlyForDeploymentPostprocessing = 0;
		};
/* End PBXFrameworksBuildPhase section */

/* Begin PBXGroup section */
		07F921F71D65652200D6BE94 = {
			isa = PBXGroup;
			children = (
				07F9226B1D6AC75800D6BE94 /* Podfile */,
				07F922021D65652200D6BE94 /* KKBOX_Personal Porfile */,
				07F9221A1D65652200D6BE94 /* KKBOX_Personal PorfileTests */,
				07F922251D65652200D6BE94 /* KKBOX_Personal PorfileUITests */,
				07F922011D65652200D6BE94 /* Products */,
				68717D444A3D6EFD8D23F58D /* Pods */,
				19DCE1EF566E9D71D5683E25 /* Frameworks */,
			);
			sourceTree = "<group>";
		};
		07F922011D65652200D6BE94 /* Products */ = {
			isa = PBXGroup;
			children = (
				07F922001D65652200D6BE94 /* KKBOX_Personal Porfile.app */,
				07F922171D65652200D6BE94 /* KKBOX_Personal PorfileTests.xctest */,
				07F922221D65652200D6BE94 /* KKBOX_Personal PorfileUITests.xctest */,
			);
			name = Products;
			sourceTree = "<group>";
		};
		07F922021D65652200D6BE94 /* KKBOX_Personal Porfile */ = {
			isa = PBXGroup;
			children = (
				07F922031D65652200D6BE94 /* AppDelegate.swift */,
				07F922661D6AB91800D6BE94 /* Server */,
				07F922341D656C3D00D6BE94 /* Model */,
				07F922361D656C4F00D6BE94 /* View */,
				07F922371D656C5900D6BE94 /* Controller */,
				07F9220D1D65652200D6BE94 /* Assets.xcassets */,
				07F9220F1D65652200D6BE94 /* LaunchScreen.storyboard */,
				07F922121D65652200D6BE94 /* Info.plist */,
				07F9220A1D65652200D6BE94 /* KKBOX_Personal_Porfile.xcdatamodeld */,
			);
			path = "KKBOX_Personal Porfile";
			sourceTree = "<group>";
		};
		07F9221A1D65652200D6BE94 /* KKBOX_Personal PorfileTests */ = {
			isa = PBXGroup;
			children = (
				07F9221B1D65652200D6BE94 /* KKBOX_Personal_PorfileTests.swift */,
				07F9221D1D65652200D6BE94 /* Info.plist */,
			);
			path = "KKBOX_Personal PorfileTests";
			sourceTree = "<group>";
		};
		07F922251D65652200D6BE94 /* KKBOX_Personal PorfileUITests */ = {
			isa = PBXGroup;
			children = (
				07F922261D65652200D6BE94 /* KKBOX_Personal_PorfileUITests.swift */,
				07F922281D65652200D6BE94 /* Info.plist */,
			);
			path = "KKBOX_Personal PorfileUITests";
			sourceTree = "<group>";
		};
		07F922341D656C3D00D6BE94 /* Model */ = {
			isa = PBXGroup;
			children = (
				07F922641D6AB77200D6BE94 /* Constant.swift */,
				07F9226D1D6ACF3600D6BE94 /* Playlist.swift */,
				07F9226F1D6ACF5600D6BE94 /* Song.swift */,
				07F922711D6ACF6C00D6BE94 /* Album.swift */,
				07F922731D6ACF7F00D6BE94 /* Artist.swift */,
				07F922751D6ACF9500D6BE94 /* Story.swift */,
				07F922771D6ACFE400D6BE94 /* User.swift */,
			);
			name = Model;
			sourceTree = "<group>";
		};
		07F922361D656C4F00D6BE94 /* View */ = {
			isa = PBXGroup;
			children = (
				07F9224E1D65939900D6BE94 /* ProfileViewController.xib */,
				07F922611D6AB51E00D6BE94 /* MusicViewController.xib */,
				07F9225D1D6AB50300D6BE94 /* StoryViewController.xib */,
				07F922561D6AA8F100D6BE94 /* Material */,
				07F922551D65B3A200D6BE94 /* Cells */,
				07F922501D659A5B00D6BE94 /* TabBarView */,
			);
			name = View;
			sourceTree = "<group>";
		};
		07F922371D656C5900D6BE94 /* Controller */ = {
			isa = PBXGroup;
			children = (
				07F9224C1D65937C00D6BE94 /* ProfileViewController.swift */,
				07F922601D6AB51E00D6BE94 /* MusicViewController.swift */,
				07F9225C1D6AB50300D6BE94 /* StoryViewController.swift */,
				07F922591D6AAA0600D6BE94 /* TabBarController */,
			);
			name = Controller;
			sourceTree = "<group>";
		};
		07F922501D659A5B00D6BE94 /* TabBarView */ = {
			isa = PBXGroup;
			children = (
				07F922391D656CAB00D6BE94 /* MyLibraryViewController.xib */,
				07F9223D1D656CCC00D6BE94 /* ExploreViewController.xib */,
				07F922411D656CDD00D6BE94 /* FeedViewController.xib */,
				07F922451D656CF200D6BE94 /* SearchViewController.xib */,
				07F922491D656D1C00D6BE94 /* ListenWithViewController.xib */,
			);
			name = TabBarView;
			sourceTree = "<group>";
		};
		07F922551D65B3A200D6BE94 /* Cells */ = {
			isa = PBXGroup;
			children = (
				07F922511D65A77B00D6BE94 /* Cell.swift */,
				07F922521D65A77B00D6BE94 /* Cell.xib */,
			);
			name = Cells;
			sourceTree = "<group>";
		};
		07F922561D6AA8F100D6BE94 /* Material */ = {
			isa = PBXGroup;
			children = (
				07F922571D6AA91300D6BE94 /* ProfileSegmentedControl.swift */,
			);
			name = Material;
			sourceTree = "<group>";
		};
		07F922591D6AAA0600D6BE94 /* TabBarController */ = {
			isa = PBXGroup;
			children = (
				07F922381D656CAB00D6BE94 /* MyLibraryViewController.swift */,
				07F9223C1D656CCC00D6BE94 /* ExploreViewController.swift */,
				07F922401D656CDD00D6BE94 /* FeedViewController.swift */,
				07F922441D656CF200D6BE94 /* SearchViewController.swift */,
				07F922481D656D1C00D6BE94 /* ListenWithViewController.swift */,
			);
			name = TabBarController;
			sourceTree = "<group>";
		};
		07F922661D6AB91800D6BE94 /* Server */ = {
			isa = PBXGroup;
			children = (
				07F922671D6AB93100D6BE94 /* Router.swift */,
				07F922691D6AB94000D6BE94 /* ServerManager.swift */,
			);
			name = Server;
			sourceTree = "<group>";
		};
		19DCE1EF566E9D71D5683E25 /* Frameworks */ = {
			isa = PBXGroup;
			children = (
				4F93F7B45FB89300616BCE7A /* Pods_KKBOX_Personal_Porfile.framework */,
			);
			name = Frameworks;
			sourceTree = "<group>";
		};
		68717D444A3D6EFD8D23F58D /* Pods */ = {
			isa = PBXGroup;
			children = (
				F9DF742A1673CC34503082DA /* Pods-KKBOX_Personal Porfile.debug.xcconfig */,
				718C820CD7E3275C5B577981 /* Pods-KKBOX_Personal Porfile.release.xcconfig */,
			);
			name = Pods;
			sourceTree = "<group>";
		};
/* End PBXGroup section */

/* Begin PBXNativeTarget section */
		07F921FF1D65652200D6BE94 /* KKBOX_Personal Porfile */ = {
			isa = PBXNativeTarget;
			buildConfigurationList = 07F9222B1D65652200D6BE94 /* Build configuration list for PBXNativeTarget "KKBOX_Personal Porfile" */;
			buildPhases = (
				C4A47E9546FFDA02280D2F0E /* [CP] Check Pods Manifest.lock */,
				07F921FC1D65652200D6BE94 /* Sources */,
				07F921FD1D65652200D6BE94 /* Frameworks */,
				07F921FE1D65652200D6BE94 /* Resources */,
				F5D1B7055468F51BC7A89054 /* [CP] Embed Pods Frameworks */,
				9D79C43C00BCE0808F0BDBD7 /* [CP] Copy Pods Resources */,
			);
			buildRules = (
			);
			dependencies = (
			);
			name = "KKBOX_Personal Porfile";
			productName = "KKBOX_Personal Porfile";
			productReference = 07F922001D65652200D6BE94 /* KKBOX_Personal Porfile.app */;
			productType = "com.apple.product-type.application";
		};
		07F922161D65652200D6BE94 /* KKBOX_Personal PorfileTests */ = {
			isa = PBXNativeTarget;
			buildConfigurationList = 07F9222E1D65652200D6BE94 /* Build configuration list for PBXNativeTarget "KKBOX_Personal PorfileTests" */;
			buildPhases = (
				07F922131D65652200D6BE94 /* Sources */,
				07F922141D65652200D6BE94 /* Frameworks */,
				07F922151D65652200D6BE94 /* Resources */,
			);
			buildRules = (
			);
			dependencies = (
				07F922191D65652200D6BE94 /* PBXTargetDependency */,
			);
			name = "KKBOX_Personal PorfileTests";
			productName = "KKBOX_Personal PorfileTests";
			productReference = 07F922171D65652200D6BE94 /* KKBOX_Personal PorfileTests.xctest */;
			productType = "com.apple.product-type.bundle.unit-test";
		};
		07F922211D65652200D6BE94 /* KKBOX_Personal PorfileUITests */ = {
			isa = PBXNativeTarget;
			buildConfigurationList = 07F922311D65652200D6BE94 /* Build configuration list for PBXNativeTarget "KKBOX_Personal PorfileUITests" */;
			buildPhases = (
				07F9221E1D65652200D6BE94 /* Sources */,
				07F9221F1D65652200D6BE94 /* Frameworks */,
				07F922201D65652200D6BE94 /* Resources */,
			);
			buildRules = (
			);
			dependencies = (
				07F922241D65652200D6BE94 /* PBXTargetDependency */,
			);
			name = "KKBOX_Personal PorfileUITests";
			productName = "KKBOX_Personal PorfileUITests";
			productReference = 07F922221D65652200D6BE94 /* KKBOX_Personal PorfileUITests.xctest */;
			productType = "com.apple.product-type.bundle.ui-testing";
		};
/* End PBXNativeTarget section */

/* Begin PBXProject section */
		07F921F81D65652200D6BE94 /* Project object */ = {
			isa = PBXProject;
			attributes = {
				LastSwiftUpdateCheck = 0730;
				LastUpgradeCheck = 0730;
				ORGANIZATIONNAME = "Chun Tai";
				TargetAttributes = {
					07F921FF1D65652200D6BE94 = {
						CreatedOnToolsVersion = 7.3.1;
						DevelopmentTeam = X7SHVGB78M;
					};
					07F922161D65652200D6BE94 = {
						CreatedOnToolsVersion = 7.3.1;
						TestTargetID = 07F921FF1D65652200D6BE94;
					};
					07F922211D65652200D6BE94 = {
						CreatedOnToolsVersion = 7.3.1;
						TestTargetID = 07F921FF1D65652200D6BE94;
					};
				};
			};
			buildConfigurationList = 07F921FB1D65652200D6BE94 /* Build configuration list for PBXProject "KKBOX_Personal Porfile" */;
			compatibilityVersion = "Xcode 3.2";
			developmentRegion = English;
			hasScannedForEncodings = 0;
			knownRegions = (
				en,
				Base,
			);
			mainGroup = 07F921F71D65652200D6BE94;
			productRefGroup = 07F922011D65652200D6BE94 /* Products */;
			projectDirPath = "";
			projectRoot = "";
			targets = (
				07F921FF1D65652200D6BE94 /* KKBOX_Personal Porfile */,
				07F922161D65652200D6BE94 /* KKBOX_Personal PorfileTests */,
				07F922211D65652200D6BE94 /* KKBOX_Personal PorfileUITests */,
			);
		};
/* End PBXProject section */

/* Begin PBXResourcesBuildPhase section */
		07F921FE1D65652200D6BE94 /* Resources */ = {
			isa = PBXResourcesBuildPhase;
			buildActionMask = 2147483647;
			files = (
				07F9223F1D656CCC00D6BE94 /* ExploreViewController.xib in Resources */,
				07F922431D656CDD00D6BE94 /* FeedViewController.xib in Resources */,
				07F9224F1D65939900D6BE94 /* ProfileViewController.xib in Resources */,
				07F922471D656CF200D6BE94 /* SearchViewController.xib in Resources */,
				07F922541D65A77B00D6BE94 /* Cell.xib in Resources */,
				07F9223B1D656CAB00D6BE94 /* MyLibraryViewController.xib in Resources */,
				07F9226C1D6AC75800D6BE94 /* Podfile in Resources */,
				07F9225F1D6AB50300D6BE94 /* StoryViewController.xib in Resources */,
				07F9224B1D656D1C00D6BE94 /* ListenWithViewController.xib in Resources */,
				07F922111D65652200D6BE94 /* LaunchScreen.storyboard in Resources */,
				07F922631D6AB51E00D6BE94 /* MusicViewController.xib in Resources */,
				07F9220E1D65652200D6BE94 /* Assets.xcassets in Resources */,
			);
			runOnlyForDeploymentPostprocessing = 0;
		};
		07F922151D65652200D6BE94 /* Resources */ = {
			isa = PBXResourcesBuildPhase;
			buildActionMask = 2147483647;
			files = (
			);
			runOnlyForDeploymentPostprocessing = 0;
		};
		07F922201D65652200D6BE94 /* Resources */ = {
			isa = PBXResourcesBuildPhase;
			buildActionMask = 2147483647;
			files = (
			);
			runOnlyForDeploymentPostprocessing = 0;
		};
/* End PBXResourcesBuildPhase section */

/* Begin PBXShellScriptBuildPhase section */
		9D79C43C00BCE0808F0BDBD7 /* [CP] Copy Pods Resources */ = {
			isa = PBXShellScriptBuildPhase;
			buildActionMask = 2147483647;
			files = (
			);
			inputPaths = (
			);
			name = "[CP] Copy Pods Resources";
			outputPaths = (
			);
			runOnlyForDeploymentPostprocessing = 0;
			shellPath = /bin/sh;
			shellScript = "\"${SRCROOT}/Pods/Target Support Files/Pods-KKBOX_Personal Porfile/Pods-KKBOX_Personal Porfile-resources.sh\"\n";
			showEnvVarsInLog = 0;
		};
		C4A47E9546FFDA02280D2F0E /* [CP] Check Pods Manifest.lock */ = {
			isa = PBXShellScriptBuildPhase;
			buildActionMask = 2147483647;
			files = (
			);
			inputPaths = (
			);
			name = "[CP] Check Pods Manifest.lock";
			outputPaths = (
			);
			runOnlyForDeploymentPostprocessing = 0;
			shellPath = /bin/sh;
			shellScript = "diff \"${PODS_ROOT}/../Podfile.lock\" \"${PODS_ROOT}/Manifest.lock\" > /dev/null\nif [[ $? != 0 ]] ; then\n    cat << EOM\nerror: The sandbox is not in sync with the Podfile.lock. Run 'pod install' or update your CocoaPods installation.\nEOM\n    exit 1\nfi\n";
			showEnvVarsInLog = 0;
		};
		F5D1B7055468F51BC7A89054 /* [CP] Embed Pods Frameworks */ = {
			isa = PBXShellScriptBuildPhase;
			buildActionMask = 2147483647;
			files = (
			);
			inputPaths = (
			);
			name = "[CP] Embed Pods Frameworks";
			outputPaths = (
			);
			runOnlyForDeploymentPostprocessing = 0;
			shellPath = /bin/sh;
			shellScript = "\"${SRCROOT}/Pods/Target Support Files/Pods-KKBOX_Personal Porfile/Pods-KKBOX_Personal Porfile-frameworks.sh\"\n";
			showEnvVarsInLog = 0;
		};
/* End PBXShellScriptBuildPhase section */

/* Begin PBXSourcesBuildPhase section */
		07F921FC1D65652200D6BE94 /* Sources */ = {
			isa = PBXSourcesBuildPhase;
			buildActionMask = 2147483647;
			files = (
				07F922621D6AB51E00D6BE94 /* MusicViewController.swift in Sources */,
				07F9225E1D6AB50300D6BE94 /* StoryViewController.swift in Sources */,
				07F922461D656CF200D6BE94 /* SearchViewController.swift in Sources */,
				07F9224A1D656D1C00D6BE94 /* ListenWithViewController.swift in Sources */,
				07F9223E1D656CCC00D6BE94 /* ExploreViewController.swift in Sources */,
				07F922721D6ACF6C00D6BE94 /* Album.swift in Sources */,
				07F9223A1D656CAB00D6BE94 /* MyLibraryViewController.swift in Sources */,
				07F922421D656CDD00D6BE94 /* FeedViewController.swift in Sources */,
				07F922531D65A77B00D6BE94 /* Cell.swift in Sources */,
				07F922581D6AA91300D6BE94 /* ProfileSegmentedControl.swift in Sources */,
				07F922651D6AB77200D6BE94 /* Constant.swift in Sources */,
				07F9226A1D6AB94000D6BE94 /* ServerManager.swift in Sources */,
				07F9226E1D6ACF3600D6BE94 /* Playlist.swift in Sources */,
				07F922741D6ACF7F00D6BE94 /* Artist.swift in Sources */,
				07F922681D6AB93100D6BE94 /* Router.swift in Sources */,
				07F922041D65652200D6BE94 /* AppDelegate.swift in Sources */,
				07F922701D6ACF5600D6BE94 /* Song.swift in Sources */,
				07F9224D1D65937C00D6BE94 /* ProfileViewController.swift in Sources */,
				07F9220C1D65652200D6BE94 /* KKBOX_Personal_Porfile.xcdatamodeld in Sources */,
				07F922761D6ACF9500D6BE94 /* Story.swift in Sources */,
				07F922781D6ACFE400D6BE94 /* User.swift in Sources */,
			);
			runOnlyForDeploymentPostprocessing = 0;
		};
		07F922131D65652200D6BE94 /* Sources */ = {
			isa = PBXSourcesBuildPhase;
			buildActionMask = 2147483647;
			files = (
				07F9221C1D65652200D6BE94 /* KKBOX_Personal_PorfileTests.swift in Sources */,
			);
			runOnlyForDeploymentPostprocessing = 0;
		};
		07F9221E1D65652200D6BE94 /* Sources */ = {
			isa = PBXSourcesBuildPhase;
			buildActionMask = 2147483647;
			files = (
				07F922271D65652200D6BE94 /* KKBOX_Personal_PorfileUITests.swift in Sources */,
			);
			runOnlyForDeploymentPostprocessing = 0;
		};
/* End PBXSourcesBuildPhase section */

/* Begin PBXTargetDependency section */
		07F922191D65652200D6BE94 /* PBXTargetDependency */ = {
			isa = PBXTargetDependency;
			target = 07F921FF1D65652200D6BE94 /* KKBOX_Personal Porfile */;
			targetProxy = 07F922181D65652200D6BE94 /* PBXContainerItemProxy */;
		};
		07F922241D65652200D6BE94 /* PBXTargetDependency */ = {
			isa = PBXTargetDependency;
			target = 07F921FF1D65652200D6BE94 /* KKBOX_Personal Porfile */;
			targetProxy = 07F922231D65652200D6BE94 /* PBXContainerItemProxy */;
		};
/* End PBXTargetDependency section */

/* Begin PBXVariantGroup section */
		07F9220F1D65652200D6BE94 /* LaunchScreen.storyboard */ = {
			isa = PBXVariantGroup;
			children = (
				07F922101D65652200D6BE94 /* Base */,
			);
			name = LaunchScreen.storyboard;
			sourceTree = "<group>";
		};
/* End PBXVariantGroup section */

/* Begin XCBuildConfiguration section */
		07F922291D65652200D6BE94 /* Debug */ = {
			isa = XCBuildConfiguration;
			buildSettings = {
				ALWAYS_SEARCH_USER_PATHS = NO;
				CLANG_ANALYZER_NONNULL = YES;
				CLANG_CXX_LANGUAGE_STANDARD = "gnu++0x";
				CLANG_CXX_LIBRARY = "libc++";
				CLANG_ENABLE_MODULES = YES;
				CLANG_ENABLE_OBJC_ARC = YES;
				CLANG_WARN_BOOL_CONVERSION = YES;
				CLANG_WARN_CONSTANT_CONVERSION = YES;
				CLANG_WARN_DIRECT_OBJC_ISA_USAGE = YES_ERROR;
				CLANG_WARN_EMPTY_BODY = YES;
				CLANG_WARN_ENUM_CONVERSION = YES;
				CLANG_WARN_INT_CONVERSION = YES;
				CLANG_WARN_OBJC_ROOT_CLASS = YES_ERROR;
				CLANG_WARN_UNREACHABLE_CODE = YES;
				CLANG_WARN__DUPLICATE_METHOD_MATCH = YES;
				"CODE_SIGN_IDENTITY[sdk=iphoneos*]" = "iPhone Developer";
				COPY_PHASE_STRIP = NO;
				DEBUG_INFORMATION_FORMAT = dwarf;
				ENABLE_STRICT_OBJC_MSGSEND = YES;
				ENABLE_TESTABILITY = YES;
				GCC_C_LANGUAGE_STANDARD = gnu99;
				GCC_DYNAMIC_NO_PIC = NO;
				GCC_NO_COMMON_BLOCKS = YES;
				GCC_OPTIMIZATION_LEVEL = 0;
				GCC_PREPROCESSOR_DEFINITIONS = (
					"DEBUG=1",
					"$(inherited)",
				);
				GCC_WARN_64_TO_32_BIT_CONVERSION = YES;
				GCC_WARN_ABOUT_RETURN_TYPE = YES_ERROR;
				GCC_WARN_UNDECLARED_SELECTOR = YES;
				GCC_WARN_UNINITIALIZED_AUTOS = YES_AGGRESSIVE;
				GCC_WARN_UNUSED_FUNCTION = YES;
				GCC_WARN_UNUSED_VARIABLE = YES;
				IPHONEOS_DEPLOYMENT_TARGET = 9.3;
				MTL_ENABLE_DEBUG_INFO = YES;
				ONLY_ACTIVE_ARCH = YES;
				SDKROOT = iphoneos;
				SWIFT_OPTIMIZATION_LEVEL = "-Onone";
				TARGETED_DEVICE_FAMILY = "1,2";
			};
			name = Debug;
		};
		07F9222A1D65652200D6BE94 /* Release */ = {
			isa = XCBuildConfiguration;
			buildSettings = {
				ALWAYS_SEARCH_USER_PATHS = NO;
				CLANG_ANALYZER_NONNULL = YES;
				CLANG_CXX_LANGUAGE_STANDARD = "gnu++0x";
				CLANG_CXX_LIBRARY = "libc++";
				CLANG_ENABLE_MODULES = YES;
				CLANG_ENABLE_OBJC_ARC = YES;
				CLANG_WARN_BOOL_CONVERSION = YES;
				CLANG_WARN_CONSTANT_CONVERSION = YES;
				CLANG_WARN_DIRECT_OBJC_ISA_USAGE = YES_ERROR;
				CLANG_WARN_EMPTY_BODY = YES;
				CLANG_WARN_ENUM_CONVERSION = YES;
				CLANG_WARN_INT_CONVERSION = YES;
				CLANG_WARN_OBJC_ROOT_CLASS = YES_ERROR;
				CLANG_WARN_UNREACHABLE_CODE = YES;
				CLANG_WARN__DUPLICATE_METHOD_MATCH = YES;
				"CODE_SIGN_IDENTITY[sdk=iphoneos*]" = "iPhone Developer";
				COPY_PHASE_STRIP = NO;
				DEBUG_INFORMATION_FORMAT = "dwarf-with-dsym";
				ENABLE_NS_ASSERTIONS = NO;
				ENABLE_STRICT_OBJC_MSGSEND = YES;
				GCC_C_LANGUAGE_STANDARD = gnu99;
				GCC_NO_COMMON_BLOCKS = YES;
				GCC_WARN_64_TO_32_BIT_CONVERSION = YES;
				GCC_WARN_ABOUT_RETURN_TYPE = YES_ERROR;
				GCC_WARN_UNDECLARED_SELECTOR = YES;
				GCC_WARN_UNINITIALIZED_AUTOS = YES_AGGRESSIVE;
				GCC_WARN_UNUSED_FUNCTION = YES;
				GCC_WARN_UNUSED_VARIABLE = YES;
				IPHONEOS_DEPLOYMENT_TARGET = 9.3;
				MTL_ENABLE_DEBUG_INFO = NO;
				SDKROOT = iphoneos;
				TARGETED_DEVICE_FAMILY = "1,2";
				VALIDATE_PRODUCT = YES;
			};
			name = Release;
		};
		07F9222C1D65652200D6BE94 /* Debug */ = {
			isa = XCBuildConfiguration;
			baseConfigurationReference = F9DF742A1673CC34503082DA /* Pods-KKBOX_Personal Porfile.debug.xcconfig */;
			buildSettings = {
				ASSETCATALOG_COMPILER_APPICON_NAME = AppIcon;
				CODE_SIGN_IDENTITY = "iPhone Developer";
				"CODE_SIGN_IDENTITY[sdk=iphoneos*]" = "iPhone Developer";
				INFOPLIST_FILE = "KKBOX_Personal Porfile/Info.plist";
				LD_RUNPATH_SEARCH_PATHS = "$(inherited) @executable_path/Frameworks";
				PRODUCT_BUNDLE_IDENTIFIER = "KKBOX.KKBOX-Personal-Porfile";
				PRODUCT_NAME = "$(TARGET_NAME)";
				PROVISIONING_PROFILE = "";
			};
			name = Debug;
		};
		07F9222D1D65652200D6BE94 /* Release */ = {
			isa = XCBuildConfiguration;
			baseConfigurationReference = 718C820CD7E3275C5B577981 /* Pods-KKBOX_Personal Porfile.release.xcconfig */;
			buildSettings = {
				ASSETCATALOG_COMPILER_APPICON_NAME = AppIcon;
				CODE_SIGN_IDENTITY = "iPhone Developer";
				"CODE_SIGN_IDENTITY[sdk=iphoneos*]" = "iPhone Developer";
				INFOPLIST_FILE = "KKBOX_Personal Porfile/Info.plist";
				LD_RUNPATH_SEARCH_PATHS = "$(inherited) @executable_path/Frameworks";
				PRODUCT_BUNDLE_IDENTIFIER = "KKBOX.KKBOX-Personal-Porfile";
				PRODUCT_NAME = "$(TARGET_NAME)";
				PROVISIONING_PROFILE = "";
			};
			name = Release;
		};
		07F9222F1D65652200D6BE94 /* Debug */ = {
			isa = XCBuildConfiguration;
			buildSettings = {
				BUNDLE_LOADER = "$(TEST_HOST)";
				INFOPLIST_FILE = "KKBOX_Personal PorfileTests/Info.plist";
				LD_RUNPATH_SEARCH_PATHS = "$(inherited) @executable_path/Frameworks @loader_path/Frameworks";
				PRODUCT_BUNDLE_IDENTIFIER = "KKBOX.KKBOX-Personal-PorfileTests";
				PRODUCT_NAME = "$(TARGET_NAME)";
				TEST_HOST = "$(BUILT_PRODUCTS_DIR)/KKBOX_Personal Porfile.app/KKBOX_Personal Porfile";
			};
			name = Debug;
		};
		07F922301D65652200D6BE94 /* Release */ = {
			isa = XCBuildConfiguration;
			buildSettings = {
				BUNDLE_LOADER = "$(TEST_HOST)";
				INFOPLIST_FILE = "KKBOX_Personal PorfileTests/Info.plist";
				LD_RUNPATH_SEARCH_PATHS = "$(inherited) @executable_path/Frameworks @loader_path/Frameworks";
				PRODUCT_BUNDLE_IDENTIFIER = "KKBOX.KKBOX-Personal-PorfileTests";
				PRODUCT_NAME = "$(TARGET_NAME)";
				TEST_HOST = "$(BUILT_PRODUCTS_DIR)/KKBOX_Personal Porfile.app/KKBOX_Personal Porfile";
			};
			name = Release;
		};
		07F922321D65652200D6BE94 /* Debug */ = {
			isa = XCBuildConfiguration;
			buildSettings = {
				INFOPLIST_FILE = "KKBOX_Personal PorfileUITests/Info.plist";
				LD_RUNPATH_SEARCH_PATHS = "$(inherited) @executable_path/Frameworks @loader_path/Frameworks";
				PRODUCT_BUNDLE_IDENTIFIER = "KKBOX.KKBOX-Personal-PorfileUITests";
				PRODUCT_NAME = "$(TARGET_NAME)";
				TEST_TARGET_NAME = "KKBOX_Personal Porfile";
			};
			name = Debug;
		};
		07F922331D65652200D6BE94 /* Release */ = {
			isa = XCBuildConfiguration;
			buildSettings = {
				INFOPLIST_FILE = "KKBOX_Personal PorfileUITests/Info.plist";
				LD_RUNPATH_SEARCH_PATHS = "$(inherited) @executable_path/Frameworks @loader_path/Frameworks";
				PRODUCT_BUNDLE_IDENTIFIER = "KKBOX.KKBOX-Personal-PorfileUITests";
				PRODUCT_NAME = "$(TARGET_NAME)";
				TEST_TARGET_NAME = "KKBOX_Personal Porfile";
			};
			name = Release;
		};
/* End XCBuildConfiguration section */

/* Begin XCConfigurationList section */
		07F921FB1D65652200D6BE94 /* Build configuration list for PBXProject "KKBOX_Personal Porfile" */ = {
			isa = XCConfigurationList;
			buildConfigurations = (
				07F922291D65652200D6BE94 /* Debug */,
				07F9222A1D65652200D6BE94 /* Release */,
			);
			defaultConfigurationIsVisible = 0;
			defaultConfigurationName = Release;
		};
		07F9222B1D65652200D6BE94 /* Build configuration list for PBXNativeTarget "KKBOX_Personal Porfile" */ = {
			isa = XCConfigurationList;
			buildConfigurations = (
				07F9222C1D65652200D6BE94 /* Debug */,
				07F9222D1D65652200D6BE94 /* Release */,
			);
			defaultConfigurationIsVisible = 0;
			defaultConfigurationName = Release;
		};
		07F9222E1D65652200D6BE94 /* Build configuration list for PBXNativeTarget "KKBOX_Personal PorfileTests" */ = {
			isa = XCConfigurationList;
			buildConfigurations = (
				07F9222F1D65652200D6BE94 /* Debug */,
				07F922301D65652200D6BE94 /* Release */,
			);
			defaultConfigurationIsVisible = 0;
			defaultConfigurationName = Release;
		};
		07F922311D65652200D6BE94 /* Build configuration list for PBXNativeTarget "KKBOX_Personal PorfileUITests" */ = {
			isa = XCConfigurationList;
			buildConfigurations = (
				07F922321D65652200D6BE94 /* Debug */,
				07F922331D65652200D6BE94 /* Release */,
			);
			defaultConfigurationIsVisible = 0;
			defaultConfigurationName = Release;
		};
/* End XCConfigurationList section */

/* Begin XCVersionGroup section */
		07F9220A1D65652200D6BE94 /* KKBOX_Personal_Porfile.xcdatamodeld */ = {
			isa = XCVersionGroup;
			children = (
				07F9220B1D65652200D6BE94 /* KKBOX_Personal_Porfile.xcdatamodel */,
			);
			currentVersion = 07F9220B1D65652200D6BE94 /* KKBOX_Personal_Porfile.xcdatamodel */;
			path = KKBOX_Personal_Porfile.xcdatamodeld;
			sourceTree = "<group>";
			versionGroupType = wrapper.xcdatamodel;
		};
/* End XCVersionGroup section */
	};
	rootObject = 07F921F81D65652200D6BE94 /* Project object */;
}
